
Microsoft Visual Studio Solution File, Format Version 10.00
# Visual Studio 2008
Project("{FAE04EC0-301F-11D3-BF4B-00C04F79EFBC}") = "WordCloud", "WordCloud.csproj", "{EB5B74CD-B5F8-46EE-8A1F-5D393080B6A6}"
EndProject
Global
	GlobalSection(SolutionConfigurationPlatforms) = preSolution
		Debug|Any CPU = Debug|Any CPU
		Release|Any CPU = Release|Any CPU
	EndGlobalSection
	GlobalSection(ProjectConfigurationPlatforms) = postSolution
		{EB5B74CD-B5F8-46EE-8A1F-5D393080B6A6}.Debug|Any CPU.ActiveCfg = Debug|Any CPU
		{EB5B74CD-B5F8-46EE-8A1F-5D393080B6A6}.Debug|Any CPU.Build.0 = Debug|Any CPU
		{EB5B74CD-B5F8-46EE-8A1F-5D393080B6A6}.Release|Any CPU.ActiveCfg = Release|Any CPU
		{EB5B74CD-B5F8-46EE-8A1F-5D393080B6A6}.Release|Any CPU.Build.0 = Release|Any CPU
	EndGlobalSection
	GlobalSection(SolutionProperties) = preSolution
		HideSolutionNode = FALSE
	EndGlobalSection
EndGlobal
